
Microsoft Visual Studio Solution File, Format Version 10.00
# Visual Studio 2008
Project("{8BC9CEB8-8B4A-11D0-8D11-00A0C91BC942}") = "GeoFormulas", "GeoFormulas\GeoFormulas.vcproj", "{56E3A3AE-1A19-4BE8-9D08-25C315A8DD8E}"
EndProject
Project("{8BC9CEB8-8B4A-11D0-8D11-00A0C91BC942}") = "TerpsTest", "TerpsTest\TerpsTest.vcproj", "{FA29E9B8-1FCC-49B5-BF15-20060B2E9767}"
	ProjectSection(ProjectDependencies) = postProject
		{56E3A3AE-1A19-4BE8-9D08-25C315A8DD8E} = {56E3A3AE-1A19-4BE8-9D08-25C315A8DD8E}
	EndProjectSection
EndProject
Global
	GlobalSection(SolutionConfigurationPlatforms) = preSolution
		Debug|Win32 = Debug|Win32
		DebugDll|Win32 = DebugDll|Win32
		Release|Win32 = Release|Win32
		ReleaseDll|Win32 = ReleaseDll|Win32
	EndGlobalSection
	GlobalSection(ProjectConfigurationPlatforms) = postSolution
		{56E3A3AE-1A19-4BE8-9D08-25C315A8DD8E}.Debug|Win32.ActiveCfg = Debug|Win32
		{56E3A3AE-1A19-4BE8-9D08-25C315A8DD8E}.Debug|Win32.Build.0 = Debug|Win32
		{56E3A3AE-1A19-4BE8-9D08-25C315A8DD8E}.DebugDll|Win32.ActiveCfg = DebugDll|Win32
		{56E3A3AE-1A19-4BE8-9D08-25C315A8DD8E}.DebugDll|Win32.Build.0 = DebugDll|Win32
		{56E3A3AE-1A19-4BE8-9D08-25C315A8DD8E}.Release|Win32.ActiveCfg = Release|Win32
		{56E3A3AE-1A19-4BE8-9D08-25C315A8DD8E}.Release|Win32.Build.0 = Release|Win32
		{56E3A3AE-1A19-4BE8-9D08-25C315A8DD8E}.ReleaseDll|Win32.ActiveCfg = ReleaseDll|Win32
		{56E3A3AE-1A19-4BE8-9D08-25C315A8DD8E}.ReleaseDll|Win32.Build.0 = ReleaseDll|Win32
		{FA29E9B8-1FCC-49B5-BF15-20060B2E9767}.Debug|Win32.ActiveCfg = Debug|Win32
		{FA29E9B8-1FCC-49B5-BF15-20060B2E9767}.Debug|Win32.Build.0 = Debug|Win32
		{FA29E9B8-1FCC-49B5-BF15-20060B2E9767}.DebugDll|Win32.ActiveCfg = DebugDll|Win32
		{FA29E9B8-1FCC-49B5-BF15-20060B2E9767}.DebugDll|Win32.Build.0 = DebugDll|Win32
		{FA29E9B8-1FCC-49B5-BF15-20060B2E9767}.Release|Win32.ActiveCfg = Release|Win32
		{FA29E9B8-1FCC-49B5-BF15-20060B2E9767}.Release|Win32.Build.0 = Release|Win32
		{FA29E9B8-1FCC-49B5-BF15-20060B2E9767}.ReleaseDll|Win32.ActiveCfg = ReleaseDll|Win32
		{FA29E9B8-1FCC-49B5-BF15-20060B2E9767}.ReleaseDll|Win32.Build.0 = ReleaseDll|Win32
	EndGlobalSection
	GlobalSection(SolutionProperties) = preSolution
		HideSolutionNode = FALSE
	EndGlobalSection
EndGlobal
